
Microsoft Visual Studio Solution File, Format Version 12.00
# Visual Studio Version 17
VisualStudioVersion = 17.13.35806.99
MinimumVisualStudioVersion = 10.0.40219.1
Project("{FAE04EC0-301F-11D3-BF4B-00C04F79EFBC}") = "HyperspaceCheeseBattle1", "HyperspaceCheeseBattle1\HyperspaceCheeseBattle1.csproj", "{4DD7E5AD-A892-4840-9333-756B5992E381}"
EndProject
Project("{FAE04EC0-301F-11D3-BF4B-00C04F79EFBC}") = "HyperspaceCheeseBattle3", "HyperspaceCheeseBattle3\HyperspaceCheeseBattle3.csproj", "{C138D6A3-3D03-4048-99EA-0570B2BCE75F}"
EndProject
Project("{FAE04EC0-301F-11D3-BF4B-00C04F79EFBC}") = "HyperspaceCheeseBattle2", "HyperspaceCheeseBattle2\HyperspaceCheeseBattle2.csproj", "{6A0F5ABF-3410-4250-A00E-5E14AE63FB76}"
EndProject
Global
	GlobalSection(SolutionConfigurationPlatforms) = preSolution
		Debug|Any CPU = Debug|Any CPU
		Release|Any CPU = Release|Any CPU
	EndGlobalSection
	GlobalSection(ProjectConfigurationPlatforms) = postSolution
		{4DD7E5AD-A892-4840-9333-756B5992E381}.Debug|Any CPU.ActiveCfg = Debug|Any CPU
		{4DD7E5AD-A892-4840-9333-756B5992E381}.Debug|Any CPU.Build.0 = Debug|Any CPU
		{4DD7E5AD-A892-4840-9333-756B5992E381}.Release|Any CPU.ActiveCfg = Release|Any CPU
		{4DD7E5AD-A892-4840-9333-756B5992E381}.Release|Any CPU.Build.0 = Release|Any CPU
		{C138D6A3-3D03-4048-99EA-0570B2BCE75F}.Debug|Any CPU.ActiveCfg = Debug|Any CPU
		{C138D6A3-3D03-4048-99EA-0570B2BCE75F}.Debug|Any CPU.Build.0 = Debug|Any CPU
		{C138D6A3-3D03-4048-99EA-0570B2BCE75F}.Release|Any CPU.ActiveCfg = Release|Any CPU
		{C138D6A3-3D03-4048-99EA-0570B2BCE75F}.Release|Any CPU.Build.0 = Release|Any CPU
		{6A0F5ABF-3410-4250-A00E-5E14AE63FB76}.Debug|Any CPU.ActiveCfg = Debug|Any CPU
		{6A0F5ABF-3410-4250-A00E-5E14AE63FB76}.Debug|Any CPU.Build.0 = Debug|Any CPU
		{6A0F5ABF-3410-4250-A00E-5E14AE63FB76}.Release|Any CPU.ActiveCfg = Release|Any CPU
		{6A0F5ABF-3410-4250-A00E-5E14AE63FB76}.Release|Any CPU.Build.0 = Release|Any CPU
	EndGlobalSection
	GlobalSection(SolutionProperties) = preSolution
		HideSolutionNode = FALSE
	EndGlobalSection
	GlobalSection(ExtensibilityGlobals) = postSolution
		SolutionGuid = {80ED91BF-06D8-4B20-9BBC-5F15EDB5F997}
	EndGlobalSection
EndGlobal
